
Microsoft Visual Studio Solution File, Format Version 12.00
# Visual Studio Version 17
VisualStudioVersion = 17.14.36511.14 d17.14
MinimumVisualStudioVersion = 10.0.40219.1
Project("{FAE04EC0-301F-11D3-BF4B-00C04F79EFBC}") = "API_Two_Table", "API_Two_Table\API_Two_Table.csproj", "{F217F57F-4730-4F67-97C4-A4A266B9D745}"
EndProject
Global
	GlobalSection(SolutionConfigurationPlatforms) = preSolution
		Debug|Any CPU = Debug|Any CPU
		Release|Any CPU = Release|Any CPU
	EndGlobalSection
	GlobalSection(ProjectConfigurationPlatforms) = postSolution
		{F217F57F-4730-4F67-97C4-A4A266B9D745}.Debug|Any CPU.ActiveCfg = Debug|Any CPU
		{F217F57F-4730-4F67-97C4-A4A266B9D745}.Debug|Any CPU.Build.0 = Debug|Any CPU
		{F217F57F-4730-4F67-97C4-A4A266B9D745}.Release|Any CPU.ActiveCfg = Release|Any CPU
		{F217F57F-4730-4F67-97C4-A4A266B9D745}.Release|Any CPU.Build.0 = Release|Any CPU
	EndGlobalSection
	GlobalSection(SolutionProperties) = preSolution
		HideSolutionNode = FALSE
	EndGlobalSection
	GlobalSection(ExtensibilityGlobals) = postSolution
		SolutionGuid = {115EF3F7-BAB5-4D96-BEB9-880E9D80C347}
	EndGlobalSection
EndGlobal
